
Microsoft Visual Studio Solution File, Format Version 12.00
# Visual Studio Version 16
VisualStudioVersion = 16.0.30621.155
MinimumVisualStudioVersion = 10.0.40219.1
Project("{FAE04EC0-301F-11D3-BF4B-00C04F79EFBC}") = "TeleQuebecStarWars", "TeleQuebecStarWars\TeleQuebecStarWars.csproj", "{32895C66-6D41-4DA7-8D31-C1F8D0526A82}"
EndProject
Project("{FAE04EC0-301F-11D3-BF4B-00C04F79EFBC}") = "UnitTestProjectStarWars", "UnitTestProjectStarWars\UnitTestProjectStarWars.csproj", "{4518F44C-98F7-416C-A328-6F13E4255A11}"
EndProject
Global
	GlobalSection(SolutionConfigurationPlatforms) = preSolution
		Debug|Any CPU = Debug|Any CPU
		Release|Any CPU = Release|Any CPU
	EndGlobalSection
	GlobalSection(ProjectConfigurationPlatforms) = postSolution
		{32895C66-6D41-4DA7-8D31-C1F8D0526A82}.Debug|Any CPU.ActiveCfg = Debug|Any CPU
		{32895C66-6D41-4DA7-8D31-C1F8D0526A82}.Debug|Any CPU.Build.0 = Debug|Any CPU
		{32895C66-6D41-4DA7-8D31-C1F8D0526A82}.Release|Any CPU.ActiveCfg = Release|Any CPU
		{32895C66-6D41-4DA7-8D31-C1F8D0526A82}.Release|Any CPU.Build.0 = Release|Any CPU
		{4518F44C-98F7-416C-A328-6F13E4255A11}.Debug|Any CPU.ActiveCfg = Debug|Any CPU
		{4518F44C-98F7-416C-A328-6F13E4255A11}.Debug|Any CPU.Build.0 = Debug|Any CPU
		{4518F44C-98F7-416C-A328-6F13E4255A11}.Release|Any CPU.ActiveCfg = Release|Any CPU
		{4518F44C-98F7-416C-A328-6F13E4255A11}.Release|Any CPU.Build.0 = Release|Any CPU
	EndGlobalSection
	GlobalSection(SolutionProperties) = preSolution
		HideSolutionNode = FALSE
	EndGlobalSection
	GlobalSection(ExtensibilityGlobals) = postSolution
		SolutionGuid = {7F1AACD5-7A08-4286-83AB-F72948F37270}
	EndGlobalSection
EndGlobal
